// !$*UTF8*$!
{
	archiveVersion = 1;
	classes = {
	};
	objectVersion = 48;
	objects = {

/* Begin PBXBuildFile section */
		A837191D207C6450005823F3 /* AppDelegate.m in Sources */ = {isa = PBXBuildFile; fileRef = A837191C207C6450005823F3 /* AppDelegate.m */; };
		A8371920207C6450005823F3 /* ViewController.m in Sources */ = {isa = PBXBuildFile; fileRef = A837191F207C6450005823F3 /* ViewController.m */; };
		A8371923207C6450005823F3 /* Main.storyboard in Resources */ = {isa = PBXBuildFile; fileRef = A8371921207C6450005823F3 /* Main.storyboard */; };
		A8371925207C6450005823F3 /* Assets.xcassets in Resources */ = {isa = PBXBuildFile; fileRef = A8371924207C6450005823F3 /* Assets.xcassets */; };
		A8371928207C6450005823F3 /* LaunchScreen.storyboard in Resources */ = {isa = PBXBuildFile; fileRef = A8371926207C6450005823F3 /* LaunchScreen.storyboard */; };
		A837192B207C6450005823F3 /* main.m in Sources */ = {isa = PBXBuildFile; fileRef = A837192A207C6450005823F3 /* main.m */; };
		A8371933207C8CB7005823F3 /* ddd.m in Sources */ = {isa = PBXBuildFile; fileRef = A8371932207C8CB7005823F3 /* ddd.m */; };
/* End PBXBuildFile section */

/* Begin PBXFileReference section */
		A8371918207C6450005823F3 /* testAppLife.app */ = {isa = PBXFileReference; explicitFileType = wrapper.application; includeInIndex = 0; path = testAppLife.app; sourceTree = BUILT_PRODUCTS_DIR; };
		A837191B207C6450005823F3 /* AppDelegate.h */ = {isa = PBXFileReference; lastKnownFileType = sourcecode.c.h; path = AppDelegate.h; sourceTree = "<group>"; };
		A837191C207C6450005823F3 /* AppDelegate.m */ = {isa = PBXFileReference; lastKnownFileType = sourcecode.c.objc; path = AppDelegate.m; sourceTree = "<group>"; };
		A837191E207C6450005823F3 /* ViewController.h */ = {isa = PBXFileReference; lastKnownFileType = sourcecode.c.h; path = ViewController.h; sourceTree = "<group>"; };
		A837191F207C6450005823F3 /* ViewController.m */ = {isa = PBXFileReference; lastKnownFileType = sourcecode.c.objc; path = ViewController.m; sourceTree = "<group>"; };
		A8371922207C6450005823F3 /* Base */ = {isa = PBXFileReference; lastKnownFileType = file.storyboard; name = Base; path = Base.lproj/Main.storyboard; sourceTree = "<group>"; };
		A8371924207C6450005823F3 /* Assets.xcassets */ = {isa = PBXFileReference; lastKnownFileType = folder.assetcatalog; path = Assets.xcassets; sourceTree = "<group>"; };
		A8371927207C6450005823F3 /* Base */ = {isa = PBXFileReference; lastKnownFileType = file.storyboard; name = Base; path = Base.lproj/LaunchScreen.storyboard; sourceTree = "<group>"; };
		A8371929207C6450005823F3 /* Info.plist */ = {isa = PBXFileReference; lastKnownFileType = text.plist.xml; path = Info.plist; sourceTree = "<group>"; };
		A837192A207C6450005823F3 /* main.m */ = {isa = PBXFileReference; lastKnownFileType = sourcecode.c.objc; path = main.m; sourceTree = "<group>"; };
		A8371931207C8CB7005823F3 /* ddd.h */ = {isa = PBXFileReference; lastKnownFileType = sourcecode.c.h; path = ddd.h; sourceTree = "<group>"; };
		A8371932207C8CB7005823F3 /* ddd.m */ = {isa = PBXFileReference; lastKnownFileType = sourcecode.c.objc; path = ddd.m; sourceTree = "<group>"; };
/* End PBXFileReference section */

/* Begin PBXFrameworksBuildPhase section */
		A8371915207C6450005823F3 /* Frameworks */ = {
			isa = PBXFrameworksBuildPhase;
			buildActionMask = 2147483647;
			files = (
			);
			runOnlyForDeploymentPostprocessing = 0;
		};
/* End PBXFrameworksBuildPhase section */

/* Begin PBXGroup section */
		A837190F207C6450005823F3 = {
			isa = PBXGroup;
			children = (
				A837191A207C6450005823F3 /* testAppLife */,
				A8371919207C6450005823F3 /* Products */,
			);
			sourceTree = "<group>";
		};
		A8371919207C6450005823F3 /* Products */ = {
			isa = PBXGroup;
			children = (
				A8371918207C6450005823F3 /* testAppLife.app */,
			);
			name = Products;
			sourceTree = "<group>";
		};
		A837191A207C6450005823F3 /* testAppLife */ = {
			isa = PBXGroup;
			children = (
				A837191B207C6450005823F3 /* AppDelegate.h */,
				A837191C207C6450005823F3 /* AppDelegate.m */,
				A837191E207C6450005823F3 /* ViewController.h */,
				A8371931207C8CB7005823F3 /* ddd.h */,
				A8371932207C8CB7005823F3 /* ddd.m */,
				A837191F207C6450005823F3 /* ViewController.m */,
				A8371921207C6450005823F3 /* Main.storyboard */,
				A8371924207C6450005823F3 /* Assets.xcassets */,
				A8371926207C6450005823F3 /* LaunchScreen.storyboard */,
				A8371929207C6450005823F3 /* Info.plist */,
				A837192A207C6450005823F3 /* main.m */,
			);
			path = testAppLife;
			sourceTree = "<group>";
		};
/* End PBXGroup section */

/* Begin PBXNativeTarget section */
		A8371917207C6450005823F3 /* testAppLife */ = {
			isa = PBXNativeTarget;
			buildConfigurationList = A837192E207C6450005823F3 /* Build configuration list for PBXNativeTarget "testAppLife" */;
			buildPhases = (
				A8371914207C6450005823F3 /* Sources */,
				A8371915207C6450005823F3 /* Frameworks */,
				A8371916207C6450005823F3 /* Resources */,
			);
			buildRules = (
			);
			dependencies = (
			);
			name = testAppLife;
			productName = testAppLife;
			productReference = A8371918207C6450005823F3 /* testAppLife.app */;
			productType = "com.apple.product-type.application";
		};
/* End PBXNativeTarget section */

/* Begin PBXProject section */
		A8371910207C6450005823F3 /* Project object */ = {
			isa = PBXProject;
			attributes = {
				LastUpgradeCheck = 0920;
				ORGANIZATIONNAME = cxs;
				TargetAttributes = {
					A8371917207C6450005823F3 = {
						CreatedOnToolsVersion = 9.2;
						ProvisioningStyle = Automatic;
					};
				};
			};
			buildConfigurationList = A8371913207C6450005823F3 /* Build configuration list for PBXProject "testAppLife" */;
			compatibilityVersion = "Xcode 8.0";
			developmentRegion = en;
			hasScannedForEncodings = 0;
			knownRegions = (
				en,
				Base,
			);
			mainGroup = A837190F207C6450005823F3;
			productRefGroup = A8371919207C6450005823F3 /* Products */;
			projectDirPath = "";
			projectRoot = "";
			targets = (
				A8371917207C6450005823F3 /* testAppLife */,
			);
		};
/* End PBXProject section */

/* Begin PBXResourcesBuildPhase section */
		A8371916207C6450005823F3 /* Resources */ = {
			isa = PBXResourcesBuildPhase;
			buildActionMask = 2147483647;
			files = (
				A8371928207C6450005823F3 /* LaunchScreen.storyboard in Resources */,
				A8371925207C6450005823F3 /* Assets.xcassets in Resources */,
				A8371923207C6450005823F3 /* Main.storyboard in Resources */,
			);
			runOnlyForDeploymentPostprocessing = 0;
		};
/* End PBXResourcesBuildPhase section */

/* Begin PBXSourcesBuildPhase section */
		A8371914207C6450005823F3 /* Sources */ = {
			isa = PBXSourcesBuildPhase;
			buildActionMask = 2147483647;
			files = (
				A8371933207C8CB7005823F3 /* ddd.m in Sources */,
				A8371920207C6450005823F3 /* ViewController.m in Sources */,
				A837192B207C6450005823F3 /* main.m in Sources */,
				A837191D207C6450005823F3 /* AppDelegate.m in Sources */,
			);
			runOnlyForDeploymentPostprocessing = 0;
		};
/* End PBXSourcesBuildPhase section */

/* Begin PBXVariantGroup section */
		A8371921207C6450005823F3 /* Main.storyboard */ = {
			isa = PBXVariantGroup;
			children = (
				A8371922207C6450005823F3 /* Base */,
			);
			name = Main.storyboard;
			sourceTree = "<group>";
		};
		A8371926207C6450005823F3 /* LaunchScreen.storyboard */ = {
			isa = PBXVariantGroup;
			children = (
				A8371927207C6450005823F3 /* Base */,
			);
			name = LaunchScreen.storyboard;
			sourceTree = "<group>";
		};
/* End PBXVariantGroup section */

/* Begin XCBuildConfiguration section */
		A837192C207C6450005823F3 /* Debug */ = {
			isa = XCBuildConfiguration;
			buildSettings = {
				ALWAYS_SEARCH_USER_PATHS = NO;
				CLANG_ANALYZER_NONNULL = YES;
				CLANG_ANALYZER_NUMBER_OBJECT_CONVERSION = YES_AGGRESSIVE;
				CLANG_CXX_LANGUAGE_STANDARD = "gnu++14";
				CLANG_CXX_LIBRARY = "libc++";
				CLANG_ENABLE_MODULES = YES;
				CLANG_ENABLE_OBJC_ARC = YES;
				CLANG_WARN_BLOCK_CAPTURE_AUTORELEASING = YES;
				CLANG_WARN_BOOL_CONVERSION = YES;
				CLANG_WARN_COMMA = YES;
				CLANG_WARN_CONSTANT_CONVERSION = YES;
				CLANG_WARN_DIRECT_OBJC_ISA_USAGE = YES_ERROR;
				CLANG_WARN_DOCUMENTATION_COMMENTS = YES;
				CLANG_WARN_EMPTY_BODY = YES;
				CLANG_WARN_ENUM_CONVERSION = YES;
				CLANG_WARN_INFINITE_RECURSION = YES;
				CLANG_WARN_INT_CONVERSION = YES;
				CLANG_WARN_NON_LITERAL_NULL_CONVERSION = YES;
				CLANG_WARN_OBJC_LITERAL_CONVERSION = YES;
				CLANG_WARN_OBJC_ROOT_CLASS = YES_ERROR;
				CLANG_WARN_RANGE_LOOP_ANALYSIS = YES;
				CLANG_WARN_STRICT_PROTOTYPES = YES;
				CLANG_WARN_SUSPICIOUS_MOVE = YES;
				CLANG_WARN_UNGUARDED_AVAILABILITY = YES_AGGRESSIVE;
				CLANG_WARN_UNREACHABLE_CODE = YES;
				CLANG_WARN__DUPLICATE_METHOD_MATCH = YES;
				CODE_SIGN_IDENTITY = "iPhone Developer";
				COPY_PHASE_STRIP = NO;
				DEBUG_INFORMATION_FORMAT = dwarf;
				ENABLE_STRICT_OBJC_MSGSEND = YES;
				ENABLE_TESTABILITY = YES;
				GCC_C_LANGUAGE_STANDARD = gnu11;
				GCC_DYNAMIC_NO_PIC = NO;
				GCC_NO_COMMON_BLOCKS = YES;
				GCC_OPTIMIZATION_LEVEL = 0;
				GCC_PREPROCESSOR_DEFINITIONS = (
					"DEBUG=1",
					"$(inherited)",
				);
				GCC_WARN_64_TO_32_BIT_CONVERSION = YES;
				GCC_WARN_ABOUT_RETURN_TYPE = YES_ERROR;
				GCC_WARN_UNDECLARED_SELECTOR = YES;
				GCC_WARN_UNINITIALIZED_AUTOS = YES_AGGRESSIVE;
				GCC_WARN_UNUSED_FUNCTION = YES;
				GCC_WARN_UNUSED_VARIABLE = YES;
				IPHONEOS_DEPLOYMENT_TARGET = 11.2;
				MTL_ENABLE_DEBUG_INFO = YES;
				ONLY_ACTIVE_ARCH = YES;
				SDKROOT = iphoneos;
			};
			name = Debug;
		};
		A837192D207C6450005823F3 /* Release */ = {
			isa = XCBuildConfiguration;
			buildSettings = {
				ALWAYS_SEARCH_USER_PATHS = NO;
				CLANG_ANALYZER_NONNULL = YES;
				CLANG_ANALYZER_NUMBER_OBJECT_CONVERSION = YES_AGGRESSIVE;
				CLANG_CXX_LANGUAGE_STANDARD = "gnu++14";
				CLANG_CXX_LIBRARY = "libc++";
				CLANG_ENABLE_MODULES = YES;
				CLANG_ENABLE_OBJC_ARC = YES;
				CLANG_WARN_BLOCK_CAPTURE_AUTORELEASING = YES;
				CLANG_WARN_BOOL_CONVERSION = YES;
				CLANG_WARN_COMMA = YES;
				CLANG_WARN_CONSTANT_CONVERSION = YES;
				CLANG_WARN_DIRECT_OBJC_ISA_USAGE = YES_ERROR;
				CLANG_WARN_DOCUMENTATION_COMMENTS = YES;
				CLANG_WARN_EMPTY_BODY = YES;
				CLANG_WARN_ENUM_CONVERSION = YES;
				CLANG_WARN_INFINITE_RECURSION = YES;
				CLANG_WARN_INT_CONVERSION = YES;
				CLANG_WARN_NON_LITERAL_NULL_CONVERSION = YES;
				CLANG_WARN_OBJC_LITERAL_CONVERSION = YES;
				CLANG_WARN_OBJC_ROOT_CLASS = YES_ERROR;
				CLANG_WARN_RANGE_LOOP_ANALYSIS = YES;
				CLANG_WARN_STRICT_PROTOTYPES = YES;
				CLANG_WARN_SUSPICIOUS_MOVE = YES;
				CLANG_WARN_UNGUARDED_AVAILABILITY = YES_AGGRESSIVE;
				CLANG_WARN_UNREACHABLE_CODE = YES;
				CLANG_WARN__DUPLICATE_METHOD_MATCH = YES;
				CODE_SIGN_IDENTITY = "iPhone Developer";
				COPY_PHASE_STRIP = NO;
				DEBUG_INFORMATION_FORMAT = "dwarf-with-dsym";
				ENABLE_NS_ASSERTIONS = NO;
				ENABLE_STRICT_OBJC_MSGSEND = YES;
				GCC_C_LANGUAGE_STANDARD = gnu11;
				GCC_NO_COMMON_BLOCKS = YES;
				GCC_WARN_64_TO_32_BIT_CONVERSION = YES;
				GCC_WARN_ABOUT_RETURN_TYPE = YES_ERROR;
				GCC_WARN_UNDECLARED_SELECTOR = YES;
				GCC_WARN_UNINITIALIZED_AUTOS = YES_AGGRESSIVE;
				GCC_WARN_UNUSED_FUNCTION = YES;
				GCC_WARN_UNUSED_VARIABLE = YES;
				IPHONEOS_DEPLOYMENT_TARGET = 11.2;
				MTL_ENABLE_DEBUG_INFO = NO;
				SDKROOT = iphoneos;
				VALIDATE_PRODUCT = YES;
			};
			name = Release;
		};
		A837192F207C6450005823F3 /* Debug */ = {
			isa = XCBuildConfiguration;
			buildSettings = {
				ASSETCATALOG_COMPILER_APPICON_NAME = AppIcon;
				CODE_SIGN_STYLE = Automatic;
				DEVELOPMENT_TEAM = PGS44TR36V;
				INFOPLIST_FILE = testAppLife/Info.plist;
				IPHONEOS_DEPLOYMENT_TARGET = 10.0;
				LD_RUNPATH_SEARCH_PATHS = "$(inherited) @executable_path/Frameworks";
				PRODUCT_BUNDLE_IDENTIFIER = littledou.com.testAppLife;
				PRODUCT_NAME = "$(TARGET_NAME)";
				TARGETED_DEVICE_FAMILY = "1,2";
			};
			name = Debug;
		};
		A8371930207C6450005823F3 /* Release */ = {
			isa = XCBuildConfiguration;
			buildSettings = {
				ASSETCATALOG_COMPILER_APPICON_NAME = AppIcon;
				CODE_SIGN_STYLE = Automatic;
				DEVELOPMENT_TEAM = PGS44TR36V;
				INFOPLIST_FILE = testAppLife/Info.plist;
				IPHONEOS_DEPLOYMENT_TARGET = 10.0;
				LD_RUNPATH_SEARCH_PATHS = "$(inherited) @executable_path/Frameworks";
				PRODUCT_BUNDLE_IDENTIFIER = littledou.com.testAppLife;
				PRODUCT_NAME = "$(TARGET_NAME)";
				TARGETED_DEVICE_FAMILY = "1,2";
			};
			name = Release;
		};
/* End XCBuildConfiguration section */

/* Begin XCConfigurationList section */
		A8371913207C6450005823F3 /* Build configuration list for PBXProject "testAppLife" */ = {
			isa = XCConfigurationList;
			buildConfigurations = (
				A837192C207C6450005823F3 /* Debug */,
				A837192D207C6450005823F3 /* Release */,
			);
			defaultConfigurationIsVisible = 0;
			defaultConfigurationName = Release;
		};
		A837192E207C6450005823F3 /* Build configuration list for PBXNativeTarget "testAppLife" */ = {
			isa = XCConfigurationList;
			buildConfigurations = (
				A837192F207C6450005823F3 /* Debug */,
				A8371930207C6450005823F3 /* Release */,
			);
			defaultConfigurationIsVisible = 0;
			defaultConfigurationName = Release;
		};
/* End XCConfigurationList section */
	};
	rootObject = A8371910207C6450005823F3 /* Project object */;
}
